
Microsoft Visual Studio Solution File, Format Version 12.00
# Visual Studio Version 16
VisualStudioVersion = 16.0.30804.86
MinimumVisualStudioVersion = 10.0.40219.1
Project("{9A19103F-16F7-4668-BE54-9A1E7A4F7556}") = "DP", "Day14\DP.csproj", "{15D93393-7578-452C-B69A-D0AFDE2A1327}"
EndProject
Global
	GlobalSection(SolutionConfigurationPlatforms) = preSolution
		Debug|Any CPU = Debug|Any CPU
		Release|Any CPU = Release|Any CPU
	EndGlobalSection
	GlobalSection(ProjectConfigurationPlatforms) = postSolution
		{15D93393-7578-452C-B69A-D0AFDE2A1327}.Debug|Any CPU.ActiveCfg = Debug|Any CPU
		{15D93393-7578-452C-B69A-D0AFDE2A1327}.Debug|Any CPU.Build.0 = Debug|Any CPU
		{15D93393-7578-452C-B69A-D0AFDE2A1327}.Release|Any CPU.ActiveCfg = Release|Any CPU
		{15D93393-7578-452C-B69A-D0AFDE2A1327}.Release|Any CPU.Build.0 = Release|Any CPU
	EndGlobalSection
	GlobalSection(SolutionProperties) = preSolution
		HideSolutionNode = FALSE
	EndGlobalSection
	GlobalSection(ExtensibilityGlobals) = postSolution
		SolutionGuid = {6D5E0B63-14D6-4EC4-8336-F2497C10F9DF}
	EndGlobalSection
EndGlobal
